// !$*UTF8*$!
{
	archiveVersion = 1;
	classes = {
	};
	objectVersion = 46;
	objects = {

/* Begin PBXBuildFile section */
		E98FBA0E1A9D156500F5A62E /* AppDelegate.swift in Sources */ = {isa = PBXBuildFile; fileRef = E98FBA0D1A9D156500F5A62E /* AppDelegate.swift */; };
		E98FBA101A9D156500F5A62E /* ViewController.swift in Sources */ = {isa = PBXBuildFile; fileRef = E98FBA0F1A9D156500F5A62E /* ViewController.swift */; };
		E98FBA131A9D156500F5A62E /* Main.storyboard in Resources */ = {isa = PBXBuildFile; fileRef = E98FBA111A9D156500F5A62E /* Main.storyboard */; };
		E98FBA151A9D156500F5A62E /* Images.xcassets in Resources */ = {isa = PBXBuildFile; fileRef = E98FBA141A9D156500F5A62E /* Images.xcassets */; };
		E98FBA181A9D156500F5A62E /* LaunchScreen.xib in Resources */ = {isa = PBXBuildFile; fileRef = E98FBA161A9D156500F5A62E /* LaunchScreen.xib */; };
		E98FBA241A9D156500F5A62E /* week2hwTests.swift in Sources */ = {isa = PBXBuildFile; fileRef = E98FBA231A9D156500F5A62E /* week2hwTests.swift */; };
/* End PBXBuildFile section */

/* Begin PBXContainerItemProxy section */
		E98FBA1E1A9D156500F5A62E /* PBXContainerItemProxy */ = {
			isa = PBXContainerItemProxy;
			containerPortal = E98FBA001A9D156400F5A62E /* Project object */;
			proxyType = 1;
			remoteGlobalIDString = E98FBA071A9D156500F5A62E;
			remoteInfo = week2hw;
		};
/* End PBXContainerItemProxy section */

/* Begin PBXFileReference section */
		E98FBA081A9D156500F5A62E /* week2hw.app */ = {isa = PBXFileReference; explicitFileType = wrapper.application; includeInIndex = 0; path = week2hw.app; sourceTree = BUILT_PRODUCTS_DIR; };
		E98FBA0C1A9D156500F5A62E /* Info.plist */ = {isa = PBXFileReference; lastKnownFileType = text.plist.xml; path = Info.plist; sourceTree = "<group>"; };
		E98FBA0D1A9D156500F5A62E /* AppDelegate.swift */ = {isa = PBXFileReference; lastKnownFileType = sourcecode.swift; path = AppDelegate.swift; sourceTree = "<group>"; };
		E98FBA0F1A9D156500F5A62E /* ViewController.swift */ = {isa = PBXFileReference; lastKnownFileType = sourcecode.swift; path = ViewController.swift; sourceTree = "<group>"; };
		E98FBA121A9D156500F5A62E /* Base */ = {isa = PBXFileReference; lastKnownFileType = file.storyboard; name = Base; path = Base.lproj/Main.storyboard; sourceTree = "<group>"; };
		E98FBA141A9D156500F5A62E /* Images.xcassets */ = {isa = PBXFileReference; lastKnownFileType = folder.assetcatalog; path = Images.xcassets; sourceTree = "<group>"; };
		E98FBA171A9D156500F5A62E /* Base */ = {isa = PBXFileReference; lastKnownFileType = file.xib; name = Base; path = Base.lproj/LaunchScreen.xib; sourceTree = "<group>"; };
		E98FBA1D1A9D156500F5A62E /* week2hwTests.xctest */ = {isa = PBXFileReference; explicitFileType = wrapper.cfbundle; includeInIndex = 0; path = week2hwTests.xctest; sourceTree = BUILT_PRODUCTS_DIR; };
		E98FBA221A9D156500F5A62E /* Info.plist */ = {isa = PBXFileReference; lastKnownFileType = text.plist.xml; path = Info.plist; sourceTree = "<group>"; };
		E98FBA231A9D156500F5A62E /* week2hwTests.swift */ = {isa = PBXFileReference; lastKnownFileType = sourcecode.swift; path = week2hwTests.swift; sourceTree = "<group>"; };
/* End PBXFileReference section */

/* Begin PBXFrameworksBuildPhase section */
		E98FBA051A9D156500F5A62E /* Frameworks */ = {
			isa = PBXFrameworksBuildPhase;
			buildActionMask = 2147483647;
			files = (
			);
			runOnlyForDeploymentPostprocessing = 0;
		};
		E98FBA1A1A9D156500F5A62E /* Frameworks */ = {
			isa = PBXFrameworksBuildPhase;
			buildActionMask = 2147483647;
			files = (
			);
			runOnlyForDeploymentPostprocessing = 0;
		};
/* End PBXFrameworksBuildPhase section */

/* Begin PBXGroup section */
		E98FB9FF1A9D156400F5A62E = {
			isa = PBXGroup;
			children = (
				E98FBA0A1A9D156500F5A62E /* week2hw */,
				E98FBA201A9D156500F5A62E /* week2hwTests */,
				E98FBA091A9D156500F5A62E /* Products */,
			);
			sourceTree = "<group>";
		};
		E98FBA091A9D156500F5A62E /* Products */ = {
			isa = PBXGroup;
			children = (
				E98FBA081A9D156500F5A62E /* week2hw.app */,
				E98FBA1D1A9D156500F5A62E /* week2hwTests.xctest */,
			);
			name = Products;
			sourceTree = "<group>";
		};
		E98FBA0A1A9D156500F5A62E /* week2hw */ = {
			isa = PBXGroup;
			children = (
				E98FBA0D1A9D156500F5A62E /* AppDelegate.swift */,
				E98FBA0F1A9D156500F5A62E /* ViewController.swift */,
				E98FBA111A9D156500F5A62E /* Main.storyboard */,
				E98FBA141A9D156500F5A62E /* Images.xcassets */,
				E98FBA161A9D156500F5A62E /* LaunchScreen.xib */,
				E98FBA0B1A9D156500F5A62E /* Supporting Files */,
			);
			path = week2hw;
			sourceTree = "<group>";
		};
		E98FBA0B1A9D156500F5A62E /* Supporting Files */ = {
			isa = PBXGroup;
			children = (
				E98FBA0C1A9D156500F5A62E /* Info.plist */,
			);
			name = "Supporting Files";
			sourceTree = "<group>";
		};
		E98FBA201A9D156500F5A62E /* week2hwTests */ = {
			isa = PBXGroup;
			children = (
				E98FBA231A9D156500F5A62E /* week2hwTests.swift */,
				E98FBA211A9D156500F5A62E /* Supporting Files */,
			);
			path = week2hwTests;
			sourceTree = "<group>";
		};
		E98FBA211A9D156500F5A62E /* Supporting Files */ = {
			isa = PBXGroup;
			children = (
				E98FBA221A9D156500F5A62E /* Info.plist */,
			);
			name = "Supporting Files";
			sourceTree = "<group>";
		};
/* End PBXGroup section */

/* Begin PBXNativeTarget section */
		E98FBA071A9D156500F5A62E /* week2hw */ = {
			isa = PBXNativeTarget;
			buildConfigurationList = E98FBA271A9D156500F5A62E /* Build configuration list for PBXNativeTarget "week2hw" */;
			buildPhases = (
				E98FBA041A9D156500F5A62E /* Sources */,
				E98FBA051A9D156500F5A62E /* Frameworks */,
				E98FBA061A9D156500F5A62E /* Resources */,
			);
			buildRules = (
			);
			dependencies = (
			);
			name = week2hw;
			productName = week2hw;
			productReference = E98FBA081A9D156500F5A62E /* week2hw.app */;
			productType = "com.apple.product-type.application";
		};
		E98FBA1C1A9D156500F5A62E /* week2hwTests */ = {
			isa = PBXNativeTarget;
			buildConfigurationList = E98FBA2A1A9D156500F5A62E /* Build configuration list for PBXNativeTarget "week2hwTests" */;
			buildPhases = (
				E98FBA191A9D156500F5A62E /* Sources */,
				E98FBA1A1A9D156500F5A62E /* Frameworks */,
				E98FBA1B1A9D156500F5A62E /* Resources */,
			);
			buildRules = (
			);
			dependencies = (
				E98FBA1F1A9D156500F5A62E /* PBXTargetDependency */,
			);
			name = week2hwTests;
			productName = week2hwTests;
			productReference = E98FBA1D1A9D156500F5A62E /* week2hwTests.xctest */;
			productType = "com.apple.product-type.bundle.unit-test";
		};
/* End PBXNativeTarget section */

/* Begin PBXProject section */
		E98FBA001A9D156400F5A62E /* Project object */ = {
			isa = PBXProject;
			attributes = {
				LastUpgradeCheck = 0610;
				ORGANIZATIONNAME = "Riccardo Pellegrini";
				TargetAttributes = {
					E98FBA071A9D156500F5A62E = {
						CreatedOnToolsVersion = 6.1.1;
						DevelopmentTeam = H2J36S387Z;
					};
					E98FBA1C1A9D156500F5A62E = {
						CreatedOnToolsVersion = 6.1.1;
						TestTargetID = E98FBA071A9D156500F5A62E;
					};
				};
			};
			buildConfigurationList = E98FBA031A9D156400F5A62E /* Build configuration list for PBXProject "week2hw" */;
			compatibilityVersion = "Xcode 3.2";
			developmentRegion = English;
			hasScannedForEncodings = 0;
			knownRegions = (
				en,
				Base,
			);
			mainGroup = E98FB9FF1A9D156400F5A62E;
			productRefGroup = E98FBA091A9D156500F5A62E /* Products */;
			projectDirPath = "";
			projectRoot = "";
			targets = (
				E98FBA071A9D156500F5A62E /* week2hw */,
				E98FBA1C1A9D156500F5A62E /* week2hwTests */,
			);
		};
/* End PBXProject section */

/* Begin PBXResourcesBuildPhase section */
		E98FBA061A9D156500F5A62E /* Resources */ = {
			isa = PBXResourcesBuildPhase;
			buildActionMask = 2147483647;
			files = (
				E98FBA131A9D156500F5A62E /* Main.storyboard in Resources */,
				E98FBA181A9D156500F5A62E /* LaunchScreen.xib in Resources */,
				E98FBA151A9D156500F5A62E /* Images.xcassets in Resources */,
			);
			runOnlyForDeploymentPostprocessing = 0;
		};
		E98FBA1B1A9D156500F5A62E /* Resources */ = {
			isa = PBXResourcesBuildPhase;
			buildActionMask = 2147483647;
			files = (
			);
			runOnlyForDeploymentPostprocessing = 0;
		};
/* End PBXResourcesBuildPhase section */

/* Begin PBXSourcesBuildPhase section */
		E98FBA041A9D156500F5A62E /* Sources */ = {
			isa = PBXSourcesBuildPhase;
			buildActionMask = 2147483647;
			files = (
				E98FBA101A9D156500F5A62E /* ViewController.swift in Sources */,
				E98FBA0E1A9D156500F5A62E /* AppDelegate.swift in Sources */,
			);
			runOnlyForDeploymentPostprocessing = 0;
		};
		E98FBA191A9D156500F5A62E /* Sources */ = {
			isa = PBXSourcesBuildPhase;
			buildActionMask = 2147483647;
			files = (
				E98FBA241A9D156500F5A62E /* week2hwTests.swift in Sources */,
			);
			runOnlyForDeploymentPostprocessing = 0;
		};
/* End PBXSourcesBuildPhase section */

/* Begin PBXTargetDependency section */
		E98FBA1F1A9D156500F5A62E /* PBXTargetDependency */ = {
			isa = PBXTargetDependency;
			target = E98FBA071A9D156500F5A62E /* week2hw */;
			targetProxy = E98FBA1E1A9D156500F5A62E /* PBXContainerItemProxy */;
		};
/* End PBXTargetDependency section */

/* Begin PBXVariantGroup section */
		E98FBA111A9D156500F5A62E /* Main.storyboard */ = {
			isa = PBXVariantGroup;
			children = (
				E98FBA121A9D156500F5A62E /* Base */,
			);
			name = Main.storyboard;
			sourceTree = "<group>";
		};
		E98FBA161A9D156500F5A62E /* LaunchScreen.xib */ = {
			isa = PBXVariantGroup;
			children = (
				E98FBA171A9D156500F5A62E /* Base */,
			);
			name = LaunchScreen.xib;
			sourceTree = "<group>";
		};
/* End PBXVariantGroup section */

/* Begin XCBuildConfiguration section */
		E98FBA251A9D156500F5A62E /* Debug */ = {
			isa = XCBuildConfiguration;
			buildSettings = {
				ALWAYS_SEARCH_USER_PATHS = NO;
				CLANG_CXX_LANGUAGE_STANDARD = "gnu++0x";
				CLANG_CXX_LIBRARY = "libc++";
				CLANG_ENABLE_MODULES = YES;
				CLANG_ENABLE_OBJC_ARC = YES;
				CLANG_WARN_BOOL_CONVERSION = YES;
				CLANG_WARN_CONSTANT_CONVERSION = YES;
				CLANG_WARN_DIRECT_OBJC_ISA_USAGE = YES_ERROR;
				CLANG_WARN_EMPTY_BODY = YES;
				CLANG_WARN_ENUM_CONVERSION = YES;
				CLANG_WARN_INT_CONVERSION = YES;
				CLANG_WARN_OBJC_ROOT_CLASS = YES_ERROR;
				CLANG_WARN_UNREACHABLE_CODE = YES;
				CLANG_WARN__DUPLICATE_METHOD_MATCH = YES;
				"CODE_SIGN_IDENTITY[sdk=iphoneos*]" = "iPhone Developer";
				COPY_PHASE_STRIP = NO;
				ENABLE_STRICT_OBJC_MSGSEND = YES;
				GCC_C_LANGUAGE_STANDARD = gnu99;
				GCC_DYNAMIC_NO_PIC = NO;
				GCC_OPTIMIZATION_LEVEL = 0;
				GCC_PREPROCESSOR_DEFINITIONS = (
					"DEBUG=1",
					"$(inherited)",
				);
				GCC_SYMBOLS_PRIVATE_EXTERN = NO;
				GCC_WARN_64_TO_32_BIT_CONVERSION = YES;
				GCC_WARN_ABOUT_RETURN_TYPE = YES_ERROR;
				GCC_WARN_UNDECLARED_SELECTOR = YES;
				GCC_WARN_UNINITIALIZED_AUTOS = YES_AGGRESSIVE;
				GCC_WARN_UNUSED_FUNCTION = YES;
				GCC_WARN_UNUSED_VARIABLE = YES;
				IPHONEOS_DEPLOYMENT_TARGET = 8.1;
				MTL_ENABLE_DEBUG_INFO = YES;
				ONLY_ACTIVE_ARCH = YES;
				SDKROOT = iphoneos;
				SWIFT_OPTIMIZATION_LEVEL = "-Onone";
				TARGETED_DEVICE_FAMILY = "1,2";
			};
			name = Debug;
		};
		E98FBA261A9D156500F5A62E /* Release */ = {
			isa = XCBuildConfiguration;
			buildSettings = {
				ALWAYS_SEARCH_USER_PATHS = NO;
				CLANG_CXX_LANGUAGE_STANDARD = "gnu++0x";
				CLANG_CXX_LIBRARY = "libc++";
				CLANG_ENABLE_MODULES = YES;
				CLANG_ENABLE_OBJC_ARC = YES;
				CLANG_WARN_BOOL_CONVERSION = YES;
				CLANG_WARN_CONSTANT_CONVERSION = YES;
				CLANG_WARN_DIRECT_OBJC_ISA_USAGE = YES_ERROR;
				CLANG_WARN_EMPTY_BODY = YES;
				CLANG_WARN_ENUM_CONVERSION = YES;
				CLANG_WARN_INT_CONVERSION = YES;
				CLANG_WARN_OBJC_ROOT_CLASS = YES_ERROR;
				CLANG_WARN_UNREACHABLE_CODE = YES;
				CLANG_WARN__DUPLICATE_METHOD_MATCH = YES;
				"CODE_SIGN_IDENTITY[sdk=iphoneos*]" = "iPhone Developer";
				COPY_PHASE_STRIP = YES;
				ENABLE_NS_ASSERTIONS = NO;
				ENABLE_STRICT_OBJC_MSGSEND = YES;
				GCC_C_LANGUAGE_STANDARD = gnu99;
				GCC_WARN_64_TO_32_BIT_CONVERSION = YES;
				GCC_WARN_ABOUT_RETURN_TYPE = YES_ERROR;
				GCC_WARN_UNDECLARED_SELECTOR = YES;
				GCC_WARN_UNINITIALIZED_AUTOS = YES_AGGRESSIVE;
				GCC_WARN_UNUSED_FUNCTION = YES;
				GCC_WARN_UNUSED_VARIABLE = YES;
				IPHONEOS_DEPLOYMENT_TARGET = 8.1;
				MTL_ENABLE_DEBUG_INFO = NO;
				SDKROOT = iphoneos;
				TARGETED_DEVICE_FAMILY = "1,2";
				VALIDATE_PRODUCT = YES;
			};
			name = Release;
		};
		E98FBA281A9D156500F5A62E /* Debug */ = {
			isa = XCBuildConfiguration;
			buildSettings = {
				ASSETCATALOG_COMPILER_APPICON_NAME = AppIcon;
				CODE_SIGN_IDENTITY = "iPhone Developer";
				INFOPLIST_FILE = week2hw/Info.plist;
				LD_RUNPATH_SEARCH_PATHS = "$(inherited) @executable_path/Frameworks";
				PRODUCT_NAME = "$(TARGET_NAME)";
			};
			name = Debug;
		};
		E98FBA291A9D156500F5A62E /* Release */ = {
			isa = XCBuildConfiguration;
			buildSettings = {
				ASSETCATALOG_COMPILER_APPICON_NAME = AppIcon;
				CODE_SIGN_IDENTITY = "iPhone Developer";
				INFOPLIST_FILE = week2hw/Info.plist;
				LD_RUNPATH_SEARCH_PATHS = "$(inherited) @executable_path/Frameworks";
				PRODUCT_NAME = "$(TARGET_NAME)";
			};
			name = Release;
		};
		E98FBA2B1A9D156500F5A62E /* Debug */ = {
			isa = XCBuildConfiguration;
			buildSettings = {
				BUNDLE_LOADER = "$(TEST_HOST)";
				FRAMEWORK_SEARCH_PATHS = (
					"$(SDKROOT)/Developer/Library/Frameworks",
					"$(inherited)",
				);
				GCC_PREPROCESSOR_DEFINITIONS = (
					"DEBUG=1",
					"$(inherited)",
				);
				INFOPLIST_FILE = week2hwTests/Info.plist;
				LD_RUNPATH_SEARCH_PATHS = "$(inherited) @executable_path/Frameworks @loader_path/Frameworks";
				PRODUCT_NAME = "$(TARGET_NAME)";
				TEST_HOST = "$(BUILT_PRODUCTS_DIR)/week2hw.app/week2hw";
			};
			name = Debug;
		};
		E98FBA2C1A9D156500F5A62E /* Release */ = {
			isa = XCBuildConfiguration;
			buildSettings = {
				BUNDLE_LOADER = "$(TEST_HOST)";
				FRAMEWORK_SEARCH_PATHS = (
					"$(SDKROOT)/Developer/Library/Frameworks",
					"$(inherited)",
				);
				INFOPLIST_FILE = week2hwTests/Info.plist;
				LD_RUNPATH_SEARCH_PATHS = "$(inherited) @executable_path/Frameworks @loader_path/Frameworks";
				PRODUCT_NAME = "$(TARGET_NAME)";
				TEST_HOST = "$(BUILT_PRODUCTS_DIR)/week2hw.app/week2hw";
			};
			name = Release;
		};
/* End XCBuildConfiguration section */

/* Begin XCConfigurationList section */
		E98FBA031A9D156400F5A62E /* Build configuration list for PBXProject "week2hw" */ = {
			isa = XCConfigurationList;
			buildConfigurations = (
				E98FBA251A9D156500F5A62E /* Debug */,
				E98FBA261A9D156500F5A62E /* Release */,
			);
			defaultConfigurationIsVisible = 0;
			defaultConfigurationName = Release;
		};
		E98FBA271A9D156500F5A62E /* Build configuration list for PBXNativeTarget "week2hw" */ = {
			isa = XCConfigurationList;
			buildConfigurations = (
				E98FBA281A9D156500F5A62E /* Debug */,
				E98FBA291A9D156500F5A62E /* Release */,
			);
			defaultConfigurationIsVisible = 0;
		};
		E98FBA2A1A9D156500F5A62E /* Build configuration list for PBXNativeTarget "week2hwTests" */ = {
			isa = XCConfigurationList;
			buildConfigurations = (
				E98FBA2B1A9D156500F5A62E /* Debug */,
				E98FBA2C1A9D156500F5A62E /* Release */,
			);
			defaultConfigurationIsVisible = 0;
		};
/* End XCConfigurationList section */
	};
	rootObject = E98FBA001A9D156400F5A62E /* Project object */;
}
